{
    "name": "@ruffle-rs/swash-font-renderer",
    "version": "0.1.0",
    "lockfileVersion": 3,
    "requires": true,
    "packages": {
        "": {
            "name": "@ruffle-rs/swash-font-renderer",
            "version": "0.1.0",
            "engines": {
                "node": ">= 16"
            }
        }
    }
}
